// !$*UTF8*$!
{
	archiveVersion = 1;
	classes = {
	};
	objectVersion = 46;
	objects = {

/* Begin PBXBuildFile section */
		84013C481EFD100800FA12B4 /* main.m in Sources */ = {isa = PBXBuildFile; fileRef = 84013C471EFD100800FA12B4 /* main.m */; };
		84013C4B1EFD100800FA12B4 /* AppDelegate.m in Sources */ = {isa = PBXBuildFile; fileRef = 84013C4A1EFD100800FA12B4 /* AppDelegate.m */; };
		84013C531EFD100800FA12B4 /* Assets.xcassets in Resources */ = {isa = PBXBuildFile; fileRef = 84013C521EFD100800FA12B4 /* Assets.xcassets */; };
		84013C561EFD100800FA12B4 /* LaunchScreen.storyboard in Resources */ = {isa = PBXBuildFile; fileRef = 84013C541EFD100800FA12B4 /* LaunchScreen.storyboard */; };
		84013C601EFD33D700FA12B4 /* images in Resources */ = {isa = PBXBuildFile; fileRef = 84013C5F1EFD33D700FA12B4 /* images */; };
		840FF2851EFFE83B00B6C59A /* ChapterViewController.m in Sources */ = {isa = PBXBuildFile; fileRef = 840FF2841EFFE83B00B6C59A /* ChapterViewController.m */; };
		8467CFB51EFEDC85002BC233 /* ChapterView.m in Sources */ = {isa = PBXBuildFile; fileRef = 8467CFB41EFEDC85002BC233 /* ChapterView.m */; };
		8467CFB81EFEDE47002BC233 /* ChapterCollectionViewCell.m in Sources */ = {isa = PBXBuildFile; fileRef = 8467CFB71EFEDE47002BC233 /* ChapterCollectionViewCell.m */; };
		8467CFBB1EFEDFED002BC233 /* TopicTableViewCell.m in Sources */ = {isa = PBXBuildFile; fileRef = 8467CFB91EFEDFED002BC233 /* TopicTableViewCell.m */; };
		8467CFBE1EFEECC6002BC233 /* UIColor+CustomColor.m in Sources */ = {isa = PBXBuildFile; fileRef = 8467CFBD1EFEECC6002BC233 /* UIColor+CustomColor.m */; };
		8478BF061F06E89F001C5A1B /* emaxx.json in Resources */ = {isa = PBXBuildFile; fileRef = 8478BF051F06E89F001C5A1B /* emaxx.json */; };
		8478BF081F06EDC6001C5A1B /* RisingSun-Bold.sfd in Resources */ = {isa = PBXBuildFile; fileRef = 8478BF071F06EDC6001C5A1B /* RisingSun-Bold.sfd */; };
		8478BF0B1F06EDE0001C5A1B /* RisingSun-Black.otf in Resources */ = {isa = PBXBuildFile; fileRef = 8478BF0A1F06EDD7001C5A1B /* RisingSun-Black.otf */; };
		8478BF0C1F06EDE4001C5A1B /* RisingSun-Bold.otf in Resources */ = {isa = PBXBuildFile; fileRef = 8478BF091F06EDCF001C5A1B /* RisingSun-Bold.otf */; };
		84E3A40E1EFE606100262218 /* MainViewController.m in Sources */ = {isa = PBXBuildFile; fileRef = 84E3A40D1EFE606100262218 /* MainViewController.m */; };
		84E3A4111EFE64A700262218 /* Algorithm.m in Sources */ = {isa = PBXBuildFile; fileRef = 84E3A4101EFE64A700262218 /* Algorithm.m */; };
		84FF4E001EFE6A3600D385EA /* MainView.m in Sources */ = {isa = PBXBuildFile; fileRef = 84FF4DFE1EFE6A3600D385EA /* MainView.m */; };
		84FF4E091EFE6F1E00D385EA /* TopicViewController.m in Sources */ = {isa = PBXBuildFile; fileRef = 84FF4E081EFE6F1E00D385EA /* TopicViewController.m */; };
		84FF4E0C1EFE6F3C00D385EA /* TopicView.m in Sources */ = {isa = PBXBuildFile; fileRef = 84FF4E0B1EFE6F3C00D385EA /* TopicView.m */; };
		84FF4E0F1EFE99A600D385EA /* UIFont+CustomFont.m in Sources */ = {isa = PBXBuildFile; fileRef = 84FF4E0E1EFE99A600D385EA /* UIFont+CustomFont.m */; };
		84FF4E131EFE9A0700D385EA /* RisingSun-Regular.otf in Resources */ = {isa = PBXBuildFile; fileRef = 84FF4E121EFE9A0700D385EA /* RisingSun-Regular.otf */; };
/* End PBXBuildFile section */

/* Begin PBXFileReference section */
		84013C431EFD100800FA12B4 /* e-maxx.ru.app */ = {isa = PBXFileReference; explicitFileType = wrapper.application; includeInIndex = 0; path = "e-maxx.ru.app"; sourceTree = BUILT_PRODUCTS_DIR; };
		84013C471EFD100800FA12B4 /* main.m */ = {isa = PBXFileReference; lastKnownFileType = sourcecode.c.objc; path = main.m; sourceTree = "<group>"; };
		84013C491EFD100800FA12B4 /* AppDelegate.h */ = {isa = PBXFileReference; lastKnownFileType = sourcecode.c.h; path = AppDelegate.h; sourceTree = "<group>"; };
		84013C4A1EFD100800FA12B4 /* AppDelegate.m */ = {isa = PBXFileReference; lastKnownFileType = sourcecode.c.objc; path = AppDelegate.m; sourceTree = "<group>"; };
		84013C521EFD100800FA12B4 /* Assets.xcassets */ = {isa = PBXFileReference; lastKnownFileType = folder.assetcatalog; path = Assets.xcassets; sourceTree = "<group>"; };
		84013C551EFD100800FA12B4 /* Base */ = {isa = PBXFileReference; lastKnownFileType = file.storyboard; name = Base; path = Base.lproj/LaunchScreen.storyboard; sourceTree = "<group>"; };
		84013C571EFD100800FA12B4 /* Info.plist */ = {isa = PBXFileReference; lastKnownFileType = text.plist.xml; path = Info.plist; sourceTree = "<group>"; };
		84013C5F1EFD33D700FA12B4 /* images */ = {isa = PBXFileReference; lastKnownFileType = folder; path = images; sourceTree = "<group>"; };
		840FF2831EFFE83B00B6C59A /* ChapterViewController.h */ = {isa = PBXFileReference; fileEncoding = 4; lastKnownFileType = sourcecode.c.h; path = ChapterViewController.h; sourceTree = "<group>"; };
		840FF2841EFFE83B00B6C59A /* ChapterViewController.m */ = {isa = PBXFileReference; fileEncoding = 4; lastKnownFileType = sourcecode.c.objc; path = ChapterViewController.m; sourceTree = "<group>"; };
		8467CFB31EFEDC85002BC233 /* ChapterView.h */ = {isa = PBXFileReference; fileEncoding = 4; lastKnownFileType = sourcecode.c.h; path = ChapterView.h; sourceTree = "<group>"; };
		8467CFB41EFEDC85002BC233 /* ChapterView.m */ = {isa = PBXFileReference; fileEncoding = 4; lastKnownFileType = sourcecode.c.objc; path = ChapterView.m; sourceTree = "<group>"; };
		8467CFB61EFEDE47002BC233 /* ChapterCollectionViewCell.h */ = {isa = PBXFileReference; fileEncoding = 4; lastKnownFileType = sourcecode.c.h; path = ChapterCollectionViewCell.h; sourceTree = "<group>"; };
		8467CFB71EFEDE47002BC233 /* ChapterCollectionViewCell.m */ = {isa = PBXFileReference; fileEncoding = 4; lastKnownFileType = sourcecode.c.objc; path = ChapterCollectionViewCell.m; sourceTree = "<group>"; };
		8467CFB91EFEDFED002BC233 /* TopicTableViewCell.m */ = {isa = PBXFileReference; fileEncoding = 4; lastKnownFileType = sourcecode.c.objc; path = TopicTableViewCell.m; sourceTree = "<group>"; };
		8467CFBA1EFEDFED002BC233 /* TopicTableViewCell.h */ = {isa = PBXFileReference; fileEncoding = 4; lastKnownFileType = sourcecode.c.h; path = TopicTableViewCell.h; sourceTree = "<group>"; };
		8467CFBC1EFEECC6002BC233 /* UIColor+CustomColor.h */ = {isa = PBXFileReference; fileEncoding = 4; lastKnownFileType = sourcecode.c.h; path = "UIColor+CustomColor.h"; sourceTree = "<group>"; };
		8467CFBD1EFEECC6002BC233 /* UIColor+CustomColor.m */ = {isa = PBXFileReference; fileEncoding = 4; lastKnownFileType = sourcecode.c.objc; path = "UIColor+CustomColor.m"; sourceTree = "<group>"; };
		8478BF051F06E89F001C5A1B /* emaxx.json */ = {isa = PBXFileReference; fileEncoding = 4; lastKnownFileType = text.json; path = emaxx.json; sourceTree = "<group>"; };
		8478BF071F06EDC6001C5A1B /* RisingSun-Bold.sfd */ = {isa = PBXFileReference; fileEncoding = 4; lastKnownFileType = text; path = "RisingSun-Bold.sfd"; sourceTree = "<group>"; };
		8478BF091F06EDCF001C5A1B /* RisingSun-Bold.otf */ = {isa = PBXFileReference; lastKnownFileType = file; path = "RisingSun-Bold.otf"; sourceTree = "<group>"; };
		8478BF0A1F06EDD7001C5A1B /* RisingSun-Black.otf */ = {isa = PBXFileReference; lastKnownFileType = file; path = "RisingSun-Black.otf"; sourceTree = "<group>"; };
		84E3A40C1EFE606100262218 /* MainViewController.h */ = {isa = PBXFileReference; fileEncoding = 4; lastKnownFileType = sourcecode.c.h; path = MainViewController.h; sourceTree = "<group>"; };
		84E3A40D1EFE606100262218 /* MainViewController.m */ = {isa = PBXFileReference; fileEncoding = 4; lastKnownFileType = sourcecode.c.objc; path = MainViewController.m; sourceTree = "<group>"; };
		84E3A40F1EFE64A700262218 /* Algorithm.h */ = {isa = PBXFileReference; fileEncoding = 4; lastKnownFileType = sourcecode.c.h; path = Algorithm.h; sourceTree = "<group>"; };
		84E3A4101EFE64A700262218 /* Algorithm.m */ = {isa = PBXFileReference; fileEncoding = 4; lastKnownFileType = sourcecode.c.objc; path = Algorithm.m; sourceTree = "<group>"; };
		84FF4DFE1EFE6A3600D385EA /* MainView.m */ = {isa = PBXFileReference; fileEncoding = 4; lastKnownFileType = sourcecode.c.objc; path = MainView.m; sourceTree = "<group>"; };
		84FF4DFF1EFE6A3600D385EA /* MainView.h */ = {isa = PBXFileReference; fileEncoding = 4; lastKnownFileType = sourcecode.c.h; path = MainView.h; sourceTree = "<group>"; };
		84FF4E071EFE6F1E00D385EA /* TopicViewController.h */ = {isa = PBXFileReference; fileEncoding = 4; lastKnownFileType = sourcecode.c.h; path = TopicViewController.h; sourceTree = "<group>"; };
		84FF4E081EFE6F1E00D385EA /* TopicViewController.m */ = {isa = PBXFileReference; fileEncoding = 4; lastKnownFileType = sourcecode.c.objc; path = TopicViewController.m; sourceTree = "<group>"; };
		84FF4E0A1EFE6F3C00D385EA /* TopicView.h */ = {isa = PBXFileReference; fileEncoding = 4; lastKnownFileType = sourcecode.c.h; path = TopicView.h; sourceTree = "<group>"; };
		84FF4E0B1EFE6F3C00D385EA /* TopicView.m */ = {isa = PBXFileReference; fileEncoding = 4; lastKnownFileType = sourcecode.c.objc; path = TopicView.m; sourceTree = "<group>"; };
		84FF4E0D1EFE99A600D385EA /* UIFont+CustomFont.h */ = {isa = PBXFileReference; fileEncoding = 4; lastKnownFileType = sourcecode.c.h; path = "UIFont+CustomFont.h"; sourceTree = "<group>"; };
		84FF4E0E1EFE99A600D385EA /* UIFont+CustomFont.m */ = {isa = PBXFileReference; fileEncoding = 4; lastKnownFileType = sourcecode.c.objc; path = "UIFont+CustomFont.m"; sourceTree = "<group>"; };
		84FF4E121EFE9A0700D385EA /* RisingSun-Regular.otf */ = {isa = PBXFileReference; lastKnownFileType = file; path = "RisingSun-Regular.otf"; sourceTree = "<group>"; };
/* End PBXFileReference section */

/* Begin PBXFrameworksBuildPhase section */
		84013C401EFD100800FA12B4 /* Frameworks */ = {
			isa = PBXFrameworksBuildPhase;
			buildActionMask = 2147483647;
			files = (
			);
			runOnlyForDeploymentPostprocessing = 0;
		};
/* End PBXFrameworksBuildPhase section */

/* Begin PBXGroup section */
		84013C3A1EFD100800FA12B4 = {
			isa = PBXGroup;
			children = (
				84013C451EFD100800FA12B4 /* e-maxx.ru */,
				84013C441EFD100800FA12B4 /* Products */,
			);
			sourceTree = "<group>";
		};
		84013C441EFD100800FA12B4 /* Products */ = {
			isa = PBXGroup;
			children = (
				84013C431EFD100800FA12B4 /* e-maxx.ru.app */,
			);
			name = Products;
			sourceTree = "<group>";
		};
		84013C451EFD100800FA12B4 /* e-maxx.ru */ = {
			isa = PBXGroup;
			children = (
				84FF4E031EFE6CFF00D385EA /* Model */,
				84FF4E011EFE6CDB00D385EA /* View */,
				84FF4E021EFE6CEB00D385EA /* Controller */,
				843BE5BC1F03780C0046E5E5 /* Resources */,
				84013C5F1EFD33D700FA12B4 /* images */,
				84013C461EFD100800FA12B4 /* Supporting Files */,
			);
			path = "e-maxx.ru";
			sourceTree = "<group>";
		};
		84013C461EFD100800FA12B4 /* Supporting Files */ = {
			isa = PBXGroup;
			children = (
				8478BF0A1F06EDD7001C5A1B /* RisingSun-Black.otf */,
				8478BF091F06EDCF001C5A1B /* RisingSun-Bold.otf */,
				8478BF071F06EDC6001C5A1B /* RisingSun-Bold.sfd */,
				84FF4E121EFE9A0700D385EA /* RisingSun-Regular.otf */,
				84013C471EFD100800FA12B4 /* main.m */,
			);
			name = "Supporting Files";
			sourceTree = "<group>";
		};
		843BE5BC1F03780C0046E5E5 /* Resources */ = {
			isa = PBXGroup;
			children = (
				84FF4E0D1EFE99A600D385EA /* UIFont+CustomFont.h */,
				84FF4E0E1EFE99A600D385EA /* UIFont+CustomFont.m */,
				8467CFBC1EFEECC6002BC233 /* UIColor+CustomColor.h */,
				8467CFBD1EFEECC6002BC233 /* UIColor+CustomColor.m */,
				84013C521EFD100800FA12B4 /* Assets.xcassets */,
				84013C541EFD100800FA12B4 /* LaunchScreen.storyboard */,
				84013C571EFD100800FA12B4 /* Info.plist */,
				8478BF051F06E89F001C5A1B /* emaxx.json */,
			);
			name = Resources;
			sourceTree = "<group>";
		};
		84FF4E011EFE6CDB00D385EA /* View */ = {
			isa = PBXGroup;
			children = (
				84FF4DFF1EFE6A3600D385EA /* MainView.h */,
				84FF4DFE1EFE6A3600D385EA /* MainView.m */,
				84FF4E0A1EFE6F3C00D385EA /* TopicView.h */,
				84FF4E0B1EFE6F3C00D385EA /* TopicView.m */,
				8467CFB31EFEDC85002BC233 /* ChapterView.h */,
				8467CFB41EFEDC85002BC233 /* ChapterView.m */,
				8467CFBA1EFEDFED002BC233 /* TopicTableViewCell.h */,
				8467CFB91EFEDFED002BC233 /* TopicTableViewCell.m */,
				8467CFB61EFEDE47002BC233 /* ChapterCollectionViewCell.h */,
				8467CFB71EFEDE47002BC233 /* ChapterCollectionViewCell.m */,
			);
			name = View;
			sourceTree = "<group>";
		};
		84FF4E021EFE6CEB00D385EA /* Controller */ = {
			isa = PBXGroup;
			children = (
				84013C491EFD100800FA12B4 /* AppDelegate.h */,
				84013C4A1EFD100800FA12B4 /* AppDelegate.m */,
				84E3A40C1EFE606100262218 /* MainViewController.h */,
				84E3A40D1EFE606100262218 /* MainViewController.m */,
				84FF4E071EFE6F1E00D385EA /* TopicViewController.h */,
				84FF4E081EFE6F1E00D385EA /* TopicViewController.m */,
				840FF2831EFFE83B00B6C59A /* ChapterViewController.h */,
				840FF2841EFFE83B00B6C59A /* ChapterViewController.m */,
			);
			name = Controller;
			sourceTree = "<group>";
		};
		84FF4E031EFE6CFF00D385EA /* Model */ = {
			isa = PBXGroup;
			children = (
				84E3A40F1EFE64A700262218 /* Algorithm.h */,
				84E3A4101EFE64A700262218 /* Algorithm.m */,
			);
			name = Model;
			sourceTree = "<group>";
		};
/* End PBXGroup section */

/* Begin PBXNativeTarget section */
		84013C421EFD100800FA12B4 /* e-maxx.ru */ = {
			isa = PBXNativeTarget;
			buildConfigurationList = 84013C5A1EFD100800FA12B4 /* Build configuration list for PBXNativeTarget "e-maxx.ru" */;
			buildPhases = (
				84013C3F1EFD100800FA12B4 /* Sources */,
				84013C401EFD100800FA12B4 /* Frameworks */,
				84013C411EFD100800FA12B4 /* Resources */,
			);
			buildRules = (
			);
			dependencies = (
			);
			name = "e-maxx.ru";
			productName = "e-maxx.ru";
			productReference = 84013C431EFD100800FA12B4 /* e-maxx.ru.app */;
			productType = "com.apple.product-type.application";
		};
/* End PBXNativeTarget section */

/* Begin PBXProject section */
		84013C3B1EFD100800FA12B4 /* Project object */ = {
			isa = PBXProject;
			attributes = {
				LastUpgradeCheck = 0820;
				ORGANIZATIONNAME = AAkash;
				TargetAttributes = {
					84013C421EFD100800FA12B4 = {
						CreatedOnToolsVersion = 8.2;
						DevelopmentTeam = SQGZ5MNAN6;
						ProvisioningStyle = Automatic;
					};
				};
			};
			buildConfigurationList = 84013C3E1EFD100800FA12B4 /* Build configuration list for PBXProject "e-maxx.ru" */;
			compatibilityVersion = "Xcode 3.2";
			developmentRegion = English;
			hasScannedForEncodings = 0;
			knownRegions = (
				en,
				Base,
			);
			mainGroup = 84013C3A1EFD100800FA12B4;
			productRefGroup = 84013C441EFD100800FA12B4 /* Products */;
			projectDirPath = "";
			projectRoot = "";
			targets = (
				84013C421EFD100800FA12B4 /* e-maxx.ru */,
			);
		};
/* End PBXProject section */

/* Begin PBXResourcesBuildPhase section */
		84013C411EFD100800FA12B4 /* Resources */ = {
			isa = PBXResourcesBuildPhase;
			buildActionMask = 2147483647;
			files = (
				84013C601EFD33D700FA12B4 /* images in Resources */,
				8478BF0C1F06EDE4001C5A1B /* RisingSun-Bold.otf in Resources */,
				8478BF081F06EDC6001C5A1B /* RisingSun-Bold.sfd in Resources */,
				84013C561EFD100800FA12B4 /* LaunchScreen.storyboard in Resources */,
				8478BF061F06E89F001C5A1B /* emaxx.json in Resources */,
				8478BF0B1F06EDE0001C5A1B /* RisingSun-Black.otf in Resources */,
				84FF4E131EFE9A0700D385EA /* RisingSun-Regular.otf in Resources */,
				84013C531EFD100800FA12B4 /* Assets.xcassets in Resources */,
			);
			runOnlyForDeploymentPostprocessing = 0;
		};
/* End PBXResourcesBuildPhase section */

/* Begin PBXSourcesBuildPhase section */
		84013C3F1EFD100800FA12B4 /* Sources */ = {
			isa = PBXSourcesBuildPhase;
			buildActionMask = 2147483647;
			files = (
				8467CFB51EFEDC85002BC233 /* ChapterView.m in Sources */,
				84FF4E0C1EFE6F3C00D385EA /* TopicView.m in Sources */,
				84FF4E0F1EFE99A600D385EA /* UIFont+CustomFont.m in Sources */,
				8467CFB81EFEDE47002BC233 /* ChapterCollectionViewCell.m in Sources */,
				84E3A4111EFE64A700262218 /* Algorithm.m in Sources */,
				84013C4B1EFD100800FA12B4 /* AppDelegate.m in Sources */,
				84FF4E091EFE6F1E00D385EA /* TopicViewController.m in Sources */,
				84E3A40E1EFE606100262218 /* MainViewController.m in Sources */,
				84013C481EFD100800FA12B4 /* main.m in Sources */,
				840FF2851EFFE83B00B6C59A /* ChapterViewController.m in Sources */,
				8467CFBB1EFEDFED002BC233 /* TopicTableViewCell.m in Sources */,
				8467CFBE1EFEECC6002BC233 /* UIColor+CustomColor.m in Sources */,
				84FF4E001EFE6A3600D385EA /* MainView.m in Sources */,
			);
			runOnlyForDeploymentPostprocessing = 0;
		};
/* End PBXSourcesBuildPhase section */

/* Begin PBXVariantGroup section */
		84013C541EFD100800FA12B4 /* LaunchScreen.storyboard */ = {
			isa = PBXVariantGroup;
			children = (
				84013C551EFD100800FA12B4 /* Base */,
			);
			name = LaunchScreen.storyboard;
			sourceTree = "<group>";
		};
/* End PBXVariantGroup section */

/* Begin XCBuildConfiguration section */
		84013C581EFD100800FA12B4 /* Debug */ = {
			isa = XCBuildConfiguration;
			buildSettings = {
				ALWAYS_SEARCH_USER_PATHS = NO;
				CLANG_ANALYZER_NONNULL = YES;
				CLANG_CXX_LANGUAGE_STANDARD = "gnu++0x";
				CLANG_CXX_LIBRARY = "libc++";
				CLANG_ENABLE_MODULES = YES;
				CLANG_ENABLE_OBJC_ARC = YES;
				CLANG_WARN_BOOL_CONVERSION = YES;
				CLANG_WARN_CONSTANT_CONVERSION = YES;
				CLANG_WARN_DIRECT_OBJC_ISA_USAGE = YES_ERROR;
				CLANG_WARN_DOCUMENTATION_COMMENTS = YES;
				CLANG_WARN_EMPTY_BODY = YES;
				CLANG_WARN_ENUM_CONVERSION = YES;
				CLANG_WARN_INFINITE_RECURSION = YES;
				CLANG_WARN_INT_CONVERSION = YES;
				CLANG_WARN_OBJC_ROOT_CLASS = YES_ERROR;
				CLANG_WARN_SUSPICIOUS_MOVE = YES;
				CLANG_WARN_UNREACHABLE_CODE = YES;
				CLANG_WARN__DUPLICATE_METHOD_MATCH = YES;
				"CODE_SIGN_IDENTITY[sdk=iphoneos*]" = "iPhone Developer";
				COPY_PHASE_STRIP = NO;
				DEBUG_INFORMATION_FORMAT = dwarf;
				ENABLE_STRICT_OBJC_MSGSEND = YES;
				ENABLE_TESTABILITY = YES;
				GCC_C_LANGUAGE_STANDARD = gnu99;
				GCC_DYNAMIC_NO_PIC = NO;
				GCC_NO_COMMON_BLOCKS = YES;
				GCC_OPTIMIZATION_LEVEL = 0;
				GCC_PREPROCESSOR_DEFINITIONS = (
					"DEBUG=1",
					"$(inherited)",
				);
				GCC_WARN_64_TO_32_BIT_CONVERSION = YES;
				GCC_WARN_ABOUT_RETURN_TYPE = YES_ERROR;
				GCC_WARN_UNDECLARED_SELECTOR = YES;
				GCC_WARN_UNINITIALIZED_AUTOS = YES_AGGRESSIVE;
				GCC_WARN_UNUSED_FUNCTION = YES;
				GCC_WARN_UNUSED_VARIABLE = YES;
				IPHONEOS_DEPLOYMENT_TARGET = 10.2;
				MTL_ENABLE_DEBUG_INFO = YES;
				ONLY_ACTIVE_ARCH = YES;
				SDKROOT = iphoneos;
			};
			name = Debug;
		};
		84013C591EFD100800FA12B4 /* Release */ = {
			isa = XCBuildConfiguration;
			buildSettings = {
				ALWAYS_SEARCH_USER_PATHS = NO;
				CLANG_ANALYZER_NONNULL = YES;
				CLANG_CXX_LANGUAGE_STANDARD = "gnu++0x";
				CLANG_CXX_LIBRARY = "libc++";
				CLANG_ENABLE_MODULES = YES;
				CLANG_ENABLE_OBJC_ARC = YES;
				CLANG_WARN_BOOL_CONVERSION = YES;
				CLANG_WARN_CONSTANT_CONVERSION = YES;
				CLANG_WARN_DIRECT_OBJC_ISA_USAGE = YES_ERROR;
				CLANG_WARN_DOCUMENTATION_COMMENTS = YES;
				CLANG_WARN_EMPTY_BODY = YES;
				CLANG_WARN_ENUM_CONVERSION = YES;
				CLANG_WARN_INFINITE_RECURSION = YES;
				CLANG_WARN_INT_CONVERSION = YES;
				CLANG_WARN_OBJC_ROOT_CLASS = YES_ERROR;
				CLANG_WARN_SUSPICIOUS_MOVE = YES;
				CLANG_WARN_UNREACHABLE_CODE = YES;
				CLANG_WARN__DUPLICATE_METHOD_MATCH = YES;
				"CODE_SIGN_IDENTITY[sdk=iphoneos*]" = "iPhone Developer";
				COPY_PHASE_STRIP = NO;
				DEBUG_INFORMATION_FORMAT = "dwarf-with-dsym";
				ENABLE_NS_ASSERTIONS = NO;
				ENABLE_STRICT_OBJC_MSGSEND = YES;
				GCC_C_LANGUAGE_STANDARD = gnu99;
				GCC_NO_COMMON_BLOCKS = YES;
				GCC_WARN_64_TO_32_BIT_CONVERSION = YES;
				GCC_WARN_ABOUT_RETURN_TYPE = YES_ERROR;
				GCC_WARN_UNDECLARED_SELECTOR = YES;
				GCC_WARN_UNINITIALIZED_AUTOS = YES_AGGRESSIVE;
				GCC_WARN_UNUSED_FUNCTION = YES;
				GCC_WARN_UNUSED_VARIABLE = YES;
				IPHONEOS_DEPLOYMENT_TARGET = 10.2;
				MTL_ENABLE_DEBUG_INFO = NO;
				SDKROOT = iphoneos;
				VALIDATE_PRODUCT = YES;
			};
			name = Release;
		};
		84013C5B1EFD100800FA12B4 /* Debug */ = {
			isa = XCBuildConfiguration;
			buildSettings = {
				ASSETCATALOG_COMPILER_APPICON_NAME = AppIcon;
				DEVELOPMENT_TEAM = SQGZ5MNAN6;
				INFOPLIST_FILE = "e-maxx.ru/Info.plist";
				IPHONEOS_DEPLOYMENT_TARGET = 8.0;
				LD_RUNPATH_SEARCH_PATHS = "$(inherited) @executable_path/Frameworks";
				PRODUCT_BUNDLE_IDENTIFIER = "com.calc.aakash.e-maxx-ru";
				PRODUCT_NAME = "$(TARGET_NAME)";
				TARGETED_DEVICE_FAMILY = "1,2";
			};
			name = Debug;
		};
		84013C5C1EFD100800FA12B4 /* Release */ = {
			isa = XCBuildConfiguration;
			buildSettings = {
				ASSETCATALOG_COMPILER_APPICON_NAME = AppIcon;
				DEVELOPMENT_TEAM = SQGZ5MNAN6;
				INFOPLIST_FILE = "e-maxx.ru/Info.plist";
				IPHONEOS_DEPLOYMENT_TARGET = 8.0;
				LD_RUNPATH_SEARCH_PATHS = "$(inherited) @executable_path/Frameworks";
				PRODUCT_BUNDLE_IDENTIFIER = "com.calc.aakash.e-maxx-ru";
				PRODUCT_NAME = "$(TARGET_NAME)";
				TARGETED_DEVICE_FAMILY = "1,2";
			};
			name = Release;
		};
/* End XCBuildConfiguration section */

/* Begin XCConfigurationList section */
		84013C3E1EFD100800FA12B4 /* Build configuration list for PBXProject "e-maxx.ru" */ = {
			isa = XCConfigurationList;
			buildConfigurations = (
				84013C581EFD100800FA12B4 /* Debug */,
				84013C591EFD100800FA12B4 /* Release */,
			);
			defaultConfigurationIsVisible = 0;
			defaultConfigurationName = Release;
		};
		84013C5A1EFD100800FA12B4 /* Build configuration list for PBXNativeTarget "e-maxx.ru" */ = {
			isa = XCConfigurationList;
			buildConfigurations = (
				84013C5B1EFD100800FA12B4 /* Debug */,
				84013C5C1EFD100800FA12B4 /* Release */,
			);
			defaultConfigurationIsVisible = 0;
			defaultConfigurationName = Release;
		};
/* End XCConfigurationList section */
	};
	rootObject = 84013C3B1EFD100800FA12B4 /* Project object */;
}
